
Microsoft Visual Studio Solution File, Format Version 12.00
# Visual Studio 15
VisualStudioVersion = 15.0.27703.2035
MinimumVisualStudioVersion = 10.0.40219.1
Project("{FAE04EC0-301F-11D3-BF4B-00C04F79EFBC}") = "AutofacExample", "AutofacExample\AutofacExample.csproj", "{4EEC2B39-E246-4A4C-9319-8C22B592DAF8}"
EndProject
Project("{FAE04EC0-301F-11D3-BF4B-00C04F79EFBC}") = "DatabaseOpExample", "DatabaseOpExample\DatabaseOpExample.csproj", "{22525B0B-F920-4FC4-9605-BE5B8D27AD77}"
EndProject
Global
	GlobalSection(SolutionConfigurationPlatforms) = preSolution
		Debug|Any CPU = Debug|Any CPU
		Release|Any CPU = Release|Any CPU
	EndGlobalSection
	GlobalSection(ProjectConfigurationPlatforms) = postSolution
		{4EEC2B39-E246-4A4C-9319-8C22B592DAF8}.Debug|Any CPU.ActiveCfg = Debug|Any CPU
		{4EEC2B39-E246-4A4C-9319-8C22B592DAF8}.Debug|Any CPU.Build.0 = Debug|Any CPU
		{4EEC2B39-E246-4A4C-9319-8C22B592DAF8}.Release|Any CPU.ActiveCfg = Release|Any CPU
		{4EEC2B39-E246-4A4C-9319-8C22B592DAF8}.Release|Any CPU.Build.0 = Release|Any CPU
		{22525B0B-F920-4FC4-9605-BE5B8D27AD77}.Debug|Any CPU.ActiveCfg = Debug|Any CPU
		{22525B0B-F920-4FC4-9605-BE5B8D27AD77}.Debug|Any CPU.Build.0 = Debug|Any CPU
		{22525B0B-F920-4FC4-9605-BE5B8D27AD77}.Release|Any CPU.ActiveCfg = Release|Any CPU
		{22525B0B-F920-4FC4-9605-BE5B8D27AD77}.Release|Any CPU.Build.0 = Release|Any CPU
	EndGlobalSection
	GlobalSection(SolutionProperties) = preSolution
		HideSolutionNode = FALSE
	EndGlobalSection
	GlobalSection(ExtensibilityGlobals) = postSolution
		SolutionGuid = {BB2C2CC5-35D2-42E6-8BE2-393FCF3B7B69}
	EndGlobalSection
EndGlobal
