
Microsoft Visual Studio Solution File, Format Version 12.00
# Visual Studio 15
VisualStudioVersion = 15.0.27428.2015
MinimumVisualStudioVersion = 10.0.40219.1
Project("{FAE04EC0-301F-11D3-BF4B-00C04F79EFBC}") = "ZipNet4WebForm", "ZipNet4WebForm\ZipNet4WebForm.csproj", "{BBEC3A80-EDAF-4EF4-85EE-7763A08BC7E2}"
EndProject
Global
	GlobalSection(SolutionConfigurationPlatforms) = preSolution
		Debug|Any CPU = Debug|Any CPU
		Release|Any CPU = Release|Any CPU
	EndGlobalSection
	GlobalSection(ProjectConfigurationPlatforms) = postSolution
		{BBEC3A80-EDAF-4EF4-85EE-7763A08BC7E2}.Debug|Any CPU.ActiveCfg = Debug|Any CPU
		{BBEC3A80-EDAF-4EF4-85EE-7763A08BC7E2}.Debug|Any CPU.Build.0 = Debug|Any CPU
		{BBEC3A80-EDAF-4EF4-85EE-7763A08BC7E2}.Release|Any CPU.ActiveCfg = Release|Any CPU
		{BBEC3A80-EDAF-4EF4-85EE-7763A08BC7E2}.Release|Any CPU.Build.0 = Release|Any CPU
	EndGlobalSection
	GlobalSection(SolutionProperties) = preSolution
		HideSolutionNode = FALSE
	EndGlobalSection
	GlobalSection(ExtensibilityGlobals) = postSolution
		SolutionGuid = {13D971DA-6396-496C-B404-E8D2C3A10276}
	EndGlobalSection
EndGlobal
