
Microsoft Visual Studio Solution File, Format Version 12.00
# Visual Studio 15
VisualStudioVersion = 15.0.27703.2042
MinimumVisualStudioVersion = 10.0.40219.1
Project("{FAE04EC0-301F-11D3-BF4B-00C04F79EFBC}") = "NLogDemo", "NLogDemo\NLogDemo.csproj", "{CC1CB609-5EEA-4B10-8BDF-75A2EE7F0584}"
EndProject
Project("{FAE04EC0-301F-11D3-BF4B-00C04F79EFBC}") = "WebApi", "WebApi\WebApi.csproj", "{781E2406-E154-4795-90B6-5DE0952043B2}"
EndProject
Global
	GlobalSection(SolutionConfigurationPlatforms) = preSolution
		Debug|Any CPU = Debug|Any CPU
		Release|Any CPU = Release|Any CPU
	EndGlobalSection
	GlobalSection(ProjectConfigurationPlatforms) = postSolution
		{CC1CB609-5EEA-4B10-8BDF-75A2EE7F0584}.Debug|Any CPU.ActiveCfg = Debug|Any CPU
		{CC1CB609-5EEA-4B10-8BDF-75A2EE7F0584}.Debug|Any CPU.Build.0 = Debug|Any CPU
		{CC1CB609-5EEA-4B10-8BDF-75A2EE7F0584}.Release|Any CPU.ActiveCfg = Release|Any CPU
		{CC1CB609-5EEA-4B10-8BDF-75A2EE7F0584}.Release|Any CPU.Build.0 = Release|Any CPU
		{781E2406-E154-4795-90B6-5DE0952043B2}.Debug|Any CPU.ActiveCfg = Debug|Any CPU
		{781E2406-E154-4795-90B6-5DE0952043B2}.Debug|Any CPU.Build.0 = Debug|Any CPU
		{781E2406-E154-4795-90B6-5DE0952043B2}.Release|Any CPU.ActiveCfg = Release|Any CPU
		{781E2406-E154-4795-90B6-5DE0952043B2}.Release|Any CPU.Build.0 = Release|Any CPU
	EndGlobalSection
	GlobalSection(SolutionProperties) = preSolution
		HideSolutionNode = FALSE
	EndGlobalSection
	GlobalSection(ExtensibilityGlobals) = postSolution
		SolutionGuid = {9D23EDF6-8C9B-44EA-91DB-CF7F3C2BE19E}
	EndGlobalSection
EndGlobal
