
Microsoft Visual Studio Solution File, Format Version 12.00
# Visual Studio 15
VisualStudioVersion = 15.0.27703.2035
MinimumVisualStudioVersion = 10.0.40219.1
Project("{FAE04EC0-301F-11D3-BF4B-00C04F79EFBC}") = "Send", "Send\Send.csproj", "{EF0C2AEB-10C0-4185-9D09-8CC8A74C9563}"
EndProject
Project("{FAE04EC0-301F-11D3-BF4B-00C04F79EFBC}") = "Receive", "Receive\Receive.csproj", "{166398C7-D7E7-4442-8AD0-A9EFD6894425}"
EndProject
Project("{2150E333-8FDC-42A3-9474-1A3956D46DE8}") = "Hello World", "Hello World", "{065B5064-8ABF-4064-ACA4-748F7539ABFE}"
EndProject
Global
	GlobalSection(SolutionConfigurationPlatforms) = preSolution
		Debug|Any CPU = Debug|Any CPU
		Release|Any CPU = Release|Any CPU
	EndGlobalSection
	GlobalSection(ProjectConfigurationPlatforms) = postSolution
		{EF0C2AEB-10C0-4185-9D09-8CC8A74C9563}.Debug|Any CPU.ActiveCfg = Debug|Any CPU
		{EF0C2AEB-10C0-4185-9D09-8CC8A74C9563}.Debug|Any CPU.Build.0 = Debug|Any CPU
		{EF0C2AEB-10C0-4185-9D09-8CC8A74C9563}.Release|Any CPU.ActiveCfg = Release|Any CPU
		{EF0C2AEB-10C0-4185-9D09-8CC8A74C9563}.Release|Any CPU.Build.0 = Release|Any CPU
		{166398C7-D7E7-4442-8AD0-A9EFD6894425}.Debug|Any CPU.ActiveCfg = Debug|Any CPU
		{166398C7-D7E7-4442-8AD0-A9EFD6894425}.Debug|Any CPU.Build.0 = Debug|Any CPU
		{166398C7-D7E7-4442-8AD0-A9EFD6894425}.Release|Any CPU.ActiveCfg = Release|Any CPU
		{166398C7-D7E7-4442-8AD0-A9EFD6894425}.Release|Any CPU.Build.0 = Release|Any CPU
	EndGlobalSection
	GlobalSection(SolutionProperties) = preSolution
		HideSolutionNode = FALSE
	EndGlobalSection
	GlobalSection(NestedProjects) = preSolution
		{EF0C2AEB-10C0-4185-9D09-8CC8A74C9563} = {065B5064-8ABF-4064-ACA4-748F7539ABFE}
		{166398C7-D7E7-4442-8AD0-A9EFD6894425} = {065B5064-8ABF-4064-ACA4-748F7539ABFE}
	EndGlobalSection
	GlobalSection(ExtensibilityGlobals) = postSolution
		SolutionGuid = {993EBFD7-5E37-41F9-A649-16593A43516B}
	EndGlobalSection
EndGlobal
