
Microsoft Visual Studio Solution File, Format Version 12.00
# Visual Studio 15
VisualStudioVersion = 15.0.27703.2035
MinimumVisualStudioVersion = 10.0.40219.1
Project("{9A19103F-16F7-4668-BE54-9A1E7A4F7556}") = "Send", "Send\Send.csproj", "{EF0C2AEB-10C0-4185-9D09-8CC8A74C9563}"
EndProject
Project("{9A19103F-16F7-4668-BE54-9A1E7A4F7556}") = "Receive", "Receive\Receive.csproj", "{166398C7-D7E7-4442-8AD0-A9EFD6894425}"
EndProject
Project("{2150E333-8FDC-42A3-9474-1A3956D46DE8}") = "1. Hello World", "1. Hello World", "{065B5064-8ABF-4064-ACA4-748F7539ABFE}"
EndProject
Project("{2150E333-8FDC-42A3-9474-1A3956D46DE8}") = "2. Work queues", "2. Work queues", "{25FC04D5-22EE-41D1-B12F-8FC1C8CDAEA6}"
EndProject
Project("{9A19103F-16F7-4668-BE54-9A1E7A4F7556}") = "NewTask", "NewTask\NewTask.csproj", "{1DCCEAA1-4948-49EF-9D64-F2D73C62721E}"
EndProject
Project("{9A19103F-16F7-4668-BE54-9A1E7A4F7556}") = "Worker", "Worker\Worker.csproj", "{FC6936B5-992E-48BF-834A-367C3A7334C4}"
EndProject
Project("{2150E333-8FDC-42A3-9474-1A3956D46DE8}") = "3. Publish-Subscribe", "3. Publish-Subscribe", "{0ED90FDC-B43B-466D-A631-7948F429929C}"
EndProject
Project("{9A19103F-16F7-4668-BE54-9A1E7A4F7556}") = "EmitLog", "EmitLog\EmitLog.csproj", "{BF4DDD33-4807-4BF0-9EB5-FAF9C5E064B3}"
EndProject
Project("{9A19103F-16F7-4668-BE54-9A1E7A4F7556}") = "ReceiveLogs", "ReceiveLogs\ReceiveLogs.csproj", "{EB8ACD14-BAF0-45AA-A69C-E092BEA227F9}"
EndProject
Project("{2150E333-8FDC-42A3-9474-1A3956D46DE8}") = "4. Routing", "4. Routing", "{D0B5F4C5-54CE-4FCF-8920-280C12C5B4AB}"
EndProject
Project("{9A19103F-16F7-4668-BE54-9A1E7A4F7556}") = "EmitLogDirect", "EmitLogDirect\EmitLogDirect.csproj", "{4DACEE49-B113-47B2-ADE9-E61E0D65208F}"
EndProject
Project("{9A19103F-16F7-4668-BE54-9A1E7A4F7556}") = "ReceiveLogsDirect", "ReceiveLogsDirect\ReceiveLogsDirect.csproj", "{EDBA21CD-B26E-49E3-A4BF-9438601D15CD}"
EndProject
Project("{2150E333-8FDC-42A3-9474-1A3956D46DE8}") = "5. Topics", "5. Topics", "{4356A5C9-8190-4DF5-8F4A-0CBD2E0A5C05}"
EndProject
Project("{9A19103F-16F7-4668-BE54-9A1E7A4F7556}") = "EmitLogTopic", "EmitLogTopic\EmitLogTopic.csproj", "{7E680CE9-981E-4B65-8BEE-EA42A92624F7}"
EndProject
Project("{9A19103F-16F7-4668-BE54-9A1E7A4F7556}") = "ReceiveLogsTopic", "ReceiveLogsTopic\ReceiveLogsTopic.csproj", "{D58EA543-6AF5-4F83-B341-BEFAD7A47D55}"
EndProject
Project("{2150E333-8FDC-42A3-9474-1A3956D46DE8}") = "6. RPC", "6. RPC", "{1DB78480-EAF7-41BF-B767-1C9C8671109F}"
EndProject
Project("{9A19103F-16F7-4668-BE54-9A1E7A4F7556}") = "RPCServer", "RPCServer\RPCServer.csproj", "{8DD388E9-13ED-4495-841C-224AF7414D6F}"
EndProject
Project("{9A19103F-16F7-4668-BE54-9A1E7A4F7556}") = "RpcClient", "RpcClient\RpcClient.csproj", "{E0E0CBDE-73EB-42A1-8312-A309BDEA5995}"
EndProject
Project("{2150E333-8FDC-42A3-9474-1A3956D46DE8}") = "0.EasyNetQ", "0.EasyNetQ", "{6DD2F114-4CA4-4683-A089-61F178E8D879}"
EndProject
Project("{FAE04EC0-301F-11D3-BF4B-00C04F79EFBC}") = "EasyNetQProducerDemo", "src\EasyNetQProducerDemo\EasyNetQProducerDemo.csproj", "{8B19D1A5-7A72-4BA0-AE69-35A63FE9FC82}"
EndProject
Project("{FAE04EC0-301F-11D3-BF4B-00C04F79EFBC}") = "EasyNetQConsumerDemo", "src\EasyNetQConsumerDemo\EasyNetQConsumerDemo.csproj", "{5AF319E3-E24A-4397-9495-6E0CA55FF1C9}"
EndProject
Project("{FAE04EC0-301F-11D3-BF4B-00C04F79EFBC}") = "EasyNetQMessages", "src\EasyNetQMessages\EasyNetQMessages.csproj", "{C9EA2D61-45F2-4795-9984-BA6101227906}"
EndProject
Global
	GlobalSection(SolutionConfigurationPlatforms) = preSolution
		Debug|Any CPU = Debug|Any CPU
		Release|Any CPU = Release|Any CPU
	EndGlobalSection
	GlobalSection(ProjectConfigurationPlatforms) = postSolution
		{EF0C2AEB-10C0-4185-9D09-8CC8A74C9563}.Debug|Any CPU.ActiveCfg = Debug|Any CPU
		{EF0C2AEB-10C0-4185-9D09-8CC8A74C9563}.Debug|Any CPU.Build.0 = Debug|Any CPU
		{EF0C2AEB-10C0-4185-9D09-8CC8A74C9563}.Release|Any CPU.ActiveCfg = Release|Any CPU
		{EF0C2AEB-10C0-4185-9D09-8CC8A74C9563}.Release|Any CPU.Build.0 = Release|Any CPU
		{166398C7-D7E7-4442-8AD0-A9EFD6894425}.Debug|Any CPU.ActiveCfg = Debug|Any CPU
		{166398C7-D7E7-4442-8AD0-A9EFD6894425}.Debug|Any CPU.Build.0 = Debug|Any CPU
		{166398C7-D7E7-4442-8AD0-A9EFD6894425}.Release|Any CPU.ActiveCfg = Release|Any CPU
		{166398C7-D7E7-4442-8AD0-A9EFD6894425}.Release|Any CPU.Build.0 = Release|Any CPU
		{1DCCEAA1-4948-49EF-9D64-F2D73C62721E}.Debug|Any CPU.ActiveCfg = Debug|Any CPU
		{1DCCEAA1-4948-49EF-9D64-F2D73C62721E}.Debug|Any CPU.Build.0 = Debug|Any CPU
		{1DCCEAA1-4948-49EF-9D64-F2D73C62721E}.Release|Any CPU.ActiveCfg = Release|Any CPU
		{1DCCEAA1-4948-49EF-9D64-F2D73C62721E}.Release|Any CPU.Build.0 = Release|Any CPU
		{FC6936B5-992E-48BF-834A-367C3A7334C4}.Debug|Any CPU.ActiveCfg = Debug|Any CPU
		{FC6936B5-992E-48BF-834A-367C3A7334C4}.Debug|Any CPU.Build.0 = Debug|Any CPU
		{FC6936B5-992E-48BF-834A-367C3A7334C4}.Release|Any CPU.ActiveCfg = Release|Any CPU
		{FC6936B5-992E-48BF-834A-367C3A7334C4}.Release|Any CPU.Build.0 = Release|Any CPU
		{BF4DDD33-4807-4BF0-9EB5-FAF9C5E064B3}.Debug|Any CPU.ActiveCfg = Debug|Any CPU
		{BF4DDD33-4807-4BF0-9EB5-FAF9C5E064B3}.Debug|Any CPU.Build.0 = Debug|Any CPU
		{BF4DDD33-4807-4BF0-9EB5-FAF9C5E064B3}.Release|Any CPU.ActiveCfg = Release|Any CPU
		{BF4DDD33-4807-4BF0-9EB5-FAF9C5E064B3}.Release|Any CPU.Build.0 = Release|Any CPU
		{EB8ACD14-BAF0-45AA-A69C-E092BEA227F9}.Debug|Any CPU.ActiveCfg = Debug|Any CPU
		{EB8ACD14-BAF0-45AA-A69C-E092BEA227F9}.Debug|Any CPU.Build.0 = Debug|Any CPU
		{EB8ACD14-BAF0-45AA-A69C-E092BEA227F9}.Release|Any CPU.ActiveCfg = Release|Any CPU
		{EB8ACD14-BAF0-45AA-A69C-E092BEA227F9}.Release|Any CPU.Build.0 = Release|Any CPU
		{4DACEE49-B113-47B2-ADE9-E61E0D65208F}.Debug|Any CPU.ActiveCfg = Debug|Any CPU
		{4DACEE49-B113-47B2-ADE9-E61E0D65208F}.Debug|Any CPU.Build.0 = Debug|Any CPU
		{4DACEE49-B113-47B2-ADE9-E61E0D65208F}.Release|Any CPU.ActiveCfg = Release|Any CPU
		{4DACEE49-B113-47B2-ADE9-E61E0D65208F}.Release|Any CPU.Build.0 = Release|Any CPU
		{EDBA21CD-B26E-49E3-A4BF-9438601D15CD}.Debug|Any CPU.ActiveCfg = Debug|Any CPU
		{EDBA21CD-B26E-49E3-A4BF-9438601D15CD}.Debug|Any CPU.Build.0 = Debug|Any CPU
		{EDBA21CD-B26E-49E3-A4BF-9438601D15CD}.Release|Any CPU.ActiveCfg = Release|Any CPU
		{EDBA21CD-B26E-49E3-A4BF-9438601D15CD}.Release|Any CPU.Build.0 = Release|Any CPU
		{7E680CE9-981E-4B65-8BEE-EA42A92624F7}.Debug|Any CPU.ActiveCfg = Debug|Any CPU
		{7E680CE9-981E-4B65-8BEE-EA42A92624F7}.Debug|Any CPU.Build.0 = Debug|Any CPU
		{7E680CE9-981E-4B65-8BEE-EA42A92624F7}.Release|Any CPU.ActiveCfg = Release|Any CPU
		{7E680CE9-981E-4B65-8BEE-EA42A92624F7}.Release|Any CPU.Build.0 = Release|Any CPU
		{D58EA543-6AF5-4F83-B341-BEFAD7A47D55}.Debug|Any CPU.ActiveCfg = Debug|Any CPU
		{D58EA543-6AF5-4F83-B341-BEFAD7A47D55}.Debug|Any CPU.Build.0 = Debug|Any CPU
		{D58EA543-6AF5-4F83-B341-BEFAD7A47D55}.Release|Any CPU.ActiveCfg = Release|Any CPU
		{D58EA543-6AF5-4F83-B341-BEFAD7A47D55}.Release|Any CPU.Build.0 = Release|Any CPU
		{8DD388E9-13ED-4495-841C-224AF7414D6F}.Debug|Any CPU.ActiveCfg = Debug|Any CPU
		{8DD388E9-13ED-4495-841C-224AF7414D6F}.Debug|Any CPU.Build.0 = Debug|Any CPU
		{8DD388E9-13ED-4495-841C-224AF7414D6F}.Release|Any CPU.ActiveCfg = Release|Any CPU
		{8DD388E9-13ED-4495-841C-224AF7414D6F}.Release|Any CPU.Build.0 = Release|Any CPU
		{E0E0CBDE-73EB-42A1-8312-A309BDEA5995}.Debug|Any CPU.ActiveCfg = Debug|Any CPU
		{E0E0CBDE-73EB-42A1-8312-A309BDEA5995}.Debug|Any CPU.Build.0 = Debug|Any CPU
		{E0E0CBDE-73EB-42A1-8312-A309BDEA5995}.Release|Any CPU.ActiveCfg = Release|Any CPU
		{E0E0CBDE-73EB-42A1-8312-A309BDEA5995}.Release|Any CPU.Build.0 = Release|Any CPU
		{8B19D1A5-7A72-4BA0-AE69-35A63FE9FC82}.Debug|Any CPU.ActiveCfg = Debug|Any CPU
		{8B19D1A5-7A72-4BA0-AE69-35A63FE9FC82}.Debug|Any CPU.Build.0 = Debug|Any CPU
		{8B19D1A5-7A72-4BA0-AE69-35A63FE9FC82}.Release|Any CPU.ActiveCfg = Release|Any CPU
		{8B19D1A5-7A72-4BA0-AE69-35A63FE9FC82}.Release|Any CPU.Build.0 = Release|Any CPU
		{5AF319E3-E24A-4397-9495-6E0CA55FF1C9}.Debug|Any CPU.ActiveCfg = Debug|Any CPU
		{5AF319E3-E24A-4397-9495-6E0CA55FF1C9}.Debug|Any CPU.Build.0 = Debug|Any CPU
		{5AF319E3-E24A-4397-9495-6E0CA55FF1C9}.Release|Any CPU.ActiveCfg = Release|Any CPU
		{5AF319E3-E24A-4397-9495-6E0CA55FF1C9}.Release|Any CPU.Build.0 = Release|Any CPU
		{C9EA2D61-45F2-4795-9984-BA6101227906}.Debug|Any CPU.ActiveCfg = Debug|Any CPU
		{C9EA2D61-45F2-4795-9984-BA6101227906}.Debug|Any CPU.Build.0 = Debug|Any CPU
		{C9EA2D61-45F2-4795-9984-BA6101227906}.Release|Any CPU.ActiveCfg = Release|Any CPU
		{C9EA2D61-45F2-4795-9984-BA6101227906}.Release|Any CPU.Build.0 = Release|Any CPU
	EndGlobalSection
	GlobalSection(SolutionProperties) = preSolution
		HideSolutionNode = FALSE
	EndGlobalSection
	GlobalSection(NestedProjects) = preSolution
		{EF0C2AEB-10C0-4185-9D09-8CC8A74C9563} = {065B5064-8ABF-4064-ACA4-748F7539ABFE}
		{166398C7-D7E7-4442-8AD0-A9EFD6894425} = {065B5064-8ABF-4064-ACA4-748F7539ABFE}
		{1DCCEAA1-4948-49EF-9D64-F2D73C62721E} = {25FC04D5-22EE-41D1-B12F-8FC1C8CDAEA6}
		{FC6936B5-992E-48BF-834A-367C3A7334C4} = {25FC04D5-22EE-41D1-B12F-8FC1C8CDAEA6}
		{BF4DDD33-4807-4BF0-9EB5-FAF9C5E064B3} = {0ED90FDC-B43B-466D-A631-7948F429929C}
		{EB8ACD14-BAF0-45AA-A69C-E092BEA227F9} = {0ED90FDC-B43B-466D-A631-7948F429929C}
		{4DACEE49-B113-47B2-ADE9-E61E0D65208F} = {D0B5F4C5-54CE-4FCF-8920-280C12C5B4AB}
		{EDBA21CD-B26E-49E3-A4BF-9438601D15CD} = {D0B5F4C5-54CE-4FCF-8920-280C12C5B4AB}
		{7E680CE9-981E-4B65-8BEE-EA42A92624F7} = {4356A5C9-8190-4DF5-8F4A-0CBD2E0A5C05}
		{D58EA543-6AF5-4F83-B341-BEFAD7A47D55} = {4356A5C9-8190-4DF5-8F4A-0CBD2E0A5C05}
		{8DD388E9-13ED-4495-841C-224AF7414D6F} = {1DB78480-EAF7-41BF-B767-1C9C8671109F}
		{E0E0CBDE-73EB-42A1-8312-A309BDEA5995} = {1DB78480-EAF7-41BF-B767-1C9C8671109F}
		{8B19D1A5-7A72-4BA0-AE69-35A63FE9FC82} = {6DD2F114-4CA4-4683-A089-61F178E8D879}
		{5AF319E3-E24A-4397-9495-6E0CA55FF1C9} = {6DD2F114-4CA4-4683-A089-61F178E8D879}
		{C9EA2D61-45F2-4795-9984-BA6101227906} = {6DD2F114-4CA4-4683-A089-61F178E8D879}
	EndGlobalSection
	GlobalSection(ExtensibilityGlobals) = postSolution
		SolutionGuid = {993EBFD7-5E37-41F9-A649-16593A43516B}
	EndGlobalSection
EndGlobal
