
Microsoft Visual Studio Solution File, Format Version 12.00
# Visual Studio 15
VisualStudioVersion = 15.0.27130.2027
MinimumVisualStudioVersion = 10.0.40219.1
Project("{FAE04EC0-301F-11D3-BF4B-00C04F79EFBC}") = "Produce", "Produce\Produce.csproj", "{1A06E072-6E64-4EBB-9BBE-8264B1791A7C}"
EndProject
Project("{FAE04EC0-301F-11D3-BF4B-00C04F79EFBC}") = "Consumer", "Consumer\Consumer.csproj", "{DAAE709C-2B93-4EED-9D70-6E8643696AF6}"
EndProject
Global
	GlobalSection(SolutionConfigurationPlatforms) = preSolution
		Debug|Any CPU = Debug|Any CPU
		Release|Any CPU = Release|Any CPU
	EndGlobalSection
	GlobalSection(ProjectConfigurationPlatforms) = postSolution
		{1A06E072-6E64-4EBB-9BBE-8264B1791A7C}.Debug|Any CPU.ActiveCfg = Debug|Any CPU
		{1A06E072-6E64-4EBB-9BBE-8264B1791A7C}.Debug|Any CPU.Build.0 = Debug|Any CPU
		{1A06E072-6E64-4EBB-9BBE-8264B1791A7C}.Release|Any CPU.ActiveCfg = Release|Any CPU
		{1A06E072-6E64-4EBB-9BBE-8264B1791A7C}.Release|Any CPU.Build.0 = Release|Any CPU
		{DAAE709C-2B93-4EED-9D70-6E8643696AF6}.Debug|Any CPU.ActiveCfg = Debug|Any CPU
		{DAAE709C-2B93-4EED-9D70-6E8643696AF6}.Debug|Any CPU.Build.0 = Debug|Any CPU
		{DAAE709C-2B93-4EED-9D70-6E8643696AF6}.Release|Any CPU.ActiveCfg = Release|Any CPU
		{DAAE709C-2B93-4EED-9D70-6E8643696AF6}.Release|Any CPU.Build.0 = Release|Any CPU
	EndGlobalSection
	GlobalSection(SolutionProperties) = preSolution
		HideSolutionNode = FALSE
	EndGlobalSection
	GlobalSection(ExtensibilityGlobals) = postSolution
		SolutionGuid = {E21369A4-69A4-4EDF-9BE6-0C9E7A07950E}
	EndGlobalSection
EndGlobal
