
Microsoft Visual Studio Solution File, Format Version 12.00
# Visual Studio 15
VisualStudioVersion = 15.0.27428.2015
MinimumVisualStudioVersion = 10.0.40219.1
Project("{FAE04EC0-301F-11D3-BF4B-00C04F79EFBC}") = "Redis", "Redis\Redis.csproj", "{2A4B3556-375B-49BC-A7CE-9896B4274BF9}"
EndProject
Project("{9A19103F-16F7-4668-BE54-9A1E7A4F7556}") = "RedisDemo.Common", "RedisDemo.Common\RedisDemo.Common.csproj", "{541C5560-3122-4EDE-9004-593B3718380F}"
EndProject
Project("{9A19103F-16F7-4668-BE54-9A1E7A4F7556}") = "RedisDemo.StringType", "RedisDemo.StringType\RedisDemo.StringType.csproj", "{887DAA94-6306-4A6F-952E-6C1423E7BF02}"
EndProject
Project("{9A19103F-16F7-4668-BE54-9A1E7A4F7556}") = "RedisDemo.ListType", "RedisDemo.ListType\RedisDemo.ListType.csproj", "{6BB28B0D-2793-440C-9FB3-8136B858FFE7}"
EndProject
Project("{2150E333-8FDC-42A3-9474-1A3956D46DE8}") = "SE.Redis", "SE.Redis", "{4629810F-D9B1-447B-BA0A-09B1B0D99C79}"
EndProject
Project("{FAE04EC0-301F-11D3-BF4B-00C04F79EFBC}") = "SERedis.StringType", "SERedis.StringType\SERedis.StringType.csproj", "{63896590-3257-4665-B334-2610C927D83A}"
EndProject
Project("{FAE04EC0-301F-11D3-BF4B-00C04F79EFBC}") = "SERedis.Common", "SERedis.Common\SERedis.Common.csproj", "{90FEF3A5-86BB-4351-9E9E-31A45A440C4E}"
EndProject
Project("{2150E333-8FDC-42A3-9474-1A3956D46DE8}") = "Temp", "Temp", "{1521EE56-FD10-4918-8DF4-CA6EBDE8072E}"
EndProject
Project("{FAE04EC0-301F-11D3-BF4B-00C04F79EFBC}") = "SERedis.ListType", "SERedis.ListType\SERedis.ListType.csproj", "{C879701B-C363-4593-9A07-948769A67ABA}"
EndProject
Project("{FAE04EC0-301F-11D3-BF4B-00C04F79EFBC}") = "SERedis.SetType", "SERedis.SetType\SERedis.SetType.csproj", "{0052112C-1607-445E-85FD-45523B4560DD}"
EndProject
Project("{FAE04EC0-301F-11D3-BF4B-00C04F79EFBC}") = "SERedis.HashType", "SERedis.HashType\SERedis.HashType.csproj", "{30D9D27E-B3AA-4A81-8A18-703905127B1F}"
EndProject
Project("{FAE04EC0-301F-11D3-BF4B-00C04F79EFBC}") = "SERedis.SortedSetType", "SERedis.SortedSetType\SERedis.SortedSetType.csproj", "{84140217-DB91-4B40-9E7D-6C79BD4B9284}"
EndProject
Global
	GlobalSection(SolutionConfigurationPlatforms) = preSolution
		Debug|Any CPU = Debug|Any CPU
		Release|Any CPU = Release|Any CPU
	EndGlobalSection
	GlobalSection(ProjectConfigurationPlatforms) = postSolution
		{2A4B3556-375B-49BC-A7CE-9896B4274BF9}.Debug|Any CPU.ActiveCfg = Debug|Any CPU
		{2A4B3556-375B-49BC-A7CE-9896B4274BF9}.Debug|Any CPU.Build.0 = Debug|Any CPU
		{2A4B3556-375B-49BC-A7CE-9896B4274BF9}.Release|Any CPU.ActiveCfg = Release|Any CPU
		{2A4B3556-375B-49BC-A7CE-9896B4274BF9}.Release|Any CPU.Build.0 = Release|Any CPU
		{541C5560-3122-4EDE-9004-593B3718380F}.Debug|Any CPU.ActiveCfg = Debug|Any CPU
		{541C5560-3122-4EDE-9004-593B3718380F}.Debug|Any CPU.Build.0 = Debug|Any CPU
		{541C5560-3122-4EDE-9004-593B3718380F}.Release|Any CPU.ActiveCfg = Release|Any CPU
		{541C5560-3122-4EDE-9004-593B3718380F}.Release|Any CPU.Build.0 = Release|Any CPU
		{887DAA94-6306-4A6F-952E-6C1423E7BF02}.Debug|Any CPU.ActiveCfg = Debug|Any CPU
		{887DAA94-6306-4A6F-952E-6C1423E7BF02}.Debug|Any CPU.Build.0 = Debug|Any CPU
		{887DAA94-6306-4A6F-952E-6C1423E7BF02}.Release|Any CPU.ActiveCfg = Release|Any CPU
		{887DAA94-6306-4A6F-952E-6C1423E7BF02}.Release|Any CPU.Build.0 = Release|Any CPU
		{6BB28B0D-2793-440C-9FB3-8136B858FFE7}.Debug|Any CPU.ActiveCfg = Debug|Any CPU
		{6BB28B0D-2793-440C-9FB3-8136B858FFE7}.Debug|Any CPU.Build.0 = Debug|Any CPU
		{6BB28B0D-2793-440C-9FB3-8136B858FFE7}.Release|Any CPU.ActiveCfg = Release|Any CPU
		{6BB28B0D-2793-440C-9FB3-8136B858FFE7}.Release|Any CPU.Build.0 = Release|Any CPU
		{63896590-3257-4665-B334-2610C927D83A}.Debug|Any CPU.ActiveCfg = Debug|Any CPU
		{63896590-3257-4665-B334-2610C927D83A}.Debug|Any CPU.Build.0 = Debug|Any CPU
		{63896590-3257-4665-B334-2610C927D83A}.Release|Any CPU.ActiveCfg = Release|Any CPU
		{63896590-3257-4665-B334-2610C927D83A}.Release|Any CPU.Build.0 = Release|Any CPU
		{90FEF3A5-86BB-4351-9E9E-31A45A440C4E}.Debug|Any CPU.ActiveCfg = Debug|Any CPU
		{90FEF3A5-86BB-4351-9E9E-31A45A440C4E}.Debug|Any CPU.Build.0 = Debug|Any CPU
		{90FEF3A5-86BB-4351-9E9E-31A45A440C4E}.Release|Any CPU.ActiveCfg = Release|Any CPU
		{90FEF3A5-86BB-4351-9E9E-31A45A440C4E}.Release|Any CPU.Build.0 = Release|Any CPU
		{C879701B-C363-4593-9A07-948769A67ABA}.Debug|Any CPU.ActiveCfg = Debug|Any CPU
		{C879701B-C363-4593-9A07-948769A67ABA}.Debug|Any CPU.Build.0 = Debug|Any CPU
		{C879701B-C363-4593-9A07-948769A67ABA}.Release|Any CPU.ActiveCfg = Release|Any CPU
		{C879701B-C363-4593-9A07-948769A67ABA}.Release|Any CPU.Build.0 = Release|Any CPU
		{0052112C-1607-445E-85FD-45523B4560DD}.Debug|Any CPU.ActiveCfg = Debug|Any CPU
		{0052112C-1607-445E-85FD-45523B4560DD}.Debug|Any CPU.Build.0 = Debug|Any CPU
		{0052112C-1607-445E-85FD-45523B4560DD}.Release|Any CPU.ActiveCfg = Release|Any CPU
		{0052112C-1607-445E-85FD-45523B4560DD}.Release|Any CPU.Build.0 = Release|Any CPU
		{30D9D27E-B3AA-4A81-8A18-703905127B1F}.Debug|Any CPU.ActiveCfg = Debug|Any CPU
		{30D9D27E-B3AA-4A81-8A18-703905127B1F}.Debug|Any CPU.Build.0 = Debug|Any CPU
		{30D9D27E-B3AA-4A81-8A18-703905127B1F}.Release|Any CPU.ActiveCfg = Release|Any CPU
		{30D9D27E-B3AA-4A81-8A18-703905127B1F}.Release|Any CPU.Build.0 = Release|Any CPU
		{84140217-DB91-4B40-9E7D-6C79BD4B9284}.Debug|Any CPU.ActiveCfg = Debug|Any CPU
		{84140217-DB91-4B40-9E7D-6C79BD4B9284}.Debug|Any CPU.Build.0 = Debug|Any CPU
		{84140217-DB91-4B40-9E7D-6C79BD4B9284}.Release|Any CPU.ActiveCfg = Release|Any CPU
		{84140217-DB91-4B40-9E7D-6C79BD4B9284}.Release|Any CPU.Build.0 = Release|Any CPU
	EndGlobalSection
	GlobalSection(SolutionProperties) = preSolution
		HideSolutionNode = FALSE
	EndGlobalSection
	GlobalSection(NestedProjects) = preSolution
		{2A4B3556-375B-49BC-A7CE-9896B4274BF9} = {1521EE56-FD10-4918-8DF4-CA6EBDE8072E}
		{541C5560-3122-4EDE-9004-593B3718380F} = {1521EE56-FD10-4918-8DF4-CA6EBDE8072E}
		{887DAA94-6306-4A6F-952E-6C1423E7BF02} = {1521EE56-FD10-4918-8DF4-CA6EBDE8072E}
		{6BB28B0D-2793-440C-9FB3-8136B858FFE7} = {1521EE56-FD10-4918-8DF4-CA6EBDE8072E}
		{63896590-3257-4665-B334-2610C927D83A} = {4629810F-D9B1-447B-BA0A-09B1B0D99C79}
		{90FEF3A5-86BB-4351-9E9E-31A45A440C4E} = {4629810F-D9B1-447B-BA0A-09B1B0D99C79}
		{C879701B-C363-4593-9A07-948769A67ABA} = {4629810F-D9B1-447B-BA0A-09B1B0D99C79}
		{0052112C-1607-445E-85FD-45523B4560DD} = {4629810F-D9B1-447B-BA0A-09B1B0D99C79}
		{30D9D27E-B3AA-4A81-8A18-703905127B1F} = {4629810F-D9B1-447B-BA0A-09B1B0D99C79}
		{84140217-DB91-4B40-9E7D-6C79BD4B9284} = {4629810F-D9B1-447B-BA0A-09B1B0D99C79}
	EndGlobalSection
	GlobalSection(ExtensibilityGlobals) = postSolution
		SolutionGuid = {8EE85B28-18FF-474B-9B3D-D88209812F35}
	EndGlobalSection
EndGlobal
